{
    "version": 3,
    "terraform_version": "0.11.8",
    "serial": 26,
    "lineage": "932fd11b-e5d0-bfad-3740-5dab5ca311f9",
    "modules": [
        {
            "path": [
                "root"
            ],
            "outputs": {
                "ip_address": {
                    "sensitive": false,
                    "type": "string",
                    "value": "142.93.199.214"
                }
            },
            "resources": {
                "data.digitalocean_floating_ip.ofb-ip": {
                    "type": "digitalocean_floating_ip",
                    "depends_on": [],
                    "primary": {
                        "id": "165.227.254.52",
                        "attributes": {
                            "id": "165.227.254.52",
                            "ip_address": "165.227.254.52",
                            "region": "nyc1"
                        },
                        "meta": {},
                        "tainted": false
                    },
                    "deposed": [],
                    "provider": "provider.digitalocean"
                },
                "digitalocean_droplet.ofb": {
                    "type": "digitalocean_droplet",
                    "depends_on": [
                        "digitalocean_tag.ofb-project"
                    ],
                    "primary": {
                        "id": "116171803",
                        "attributes": {
                            "backups": "false",
                            "disk": "25",
                            "id": "116171803",
                            "image": "ubuntu-18-04-x64",
                            "ipv4_address": "142.93.199.214",
                            "ipv4_address_private": "",
                            "ipv6": "false",
                            "ipv6_address": "",
                            "ipv6_address_private": "",
                            "locked": "false",
                            "memory": "1024",
                            "monitoring": "false",
                            "name": "ofb",
                            "price_hourly": "0.00744",
                            "price_monthly": "5",
                            "private_networking": "false",
                            "region": "nyc1",
                            "resize_disk": "true",
                            "size": "s-1vcpu-1gb",
                            "ssh_keys.#": "1",
                            "ssh_keys.285652436": "f4:aa:03:e3:a9:4b:82:7f:39:84:c1:f9:0c:f2:3b:81",
                            "status": "active",
                            "tags.#": "1",
                            "tags.3597366800": "ofb-project",
                            "vcpus": "1",
                            "volume_ids.#": "0"
                        },
                        "meta": {
                            "schema_version": "1"
                        },
                        "tainted": false
                    },
                    "deposed": [],
                    "provider": "provider.digitalocean"
                },
                "digitalocean_floating_ip_assignment.ofb-ip-assignment": {
                    "type": "digitalocean_floating_ip_assignment",
                    "depends_on": [
                        "data.digitalocean_floating_ip.ofb-ip",
                        "digitalocean_droplet.ofb"
                    ],
                    "primary": {
                        "id": "116171803-165.227.254.52-20181023043728950300000001",
                        "attributes": {
                            "droplet_id": "116171803",
                            "id": "116171803-165.227.254.52-20181023043728950300000001",
                            "ip_address": "165.227.254.52"
                        },
                        "meta": {},
                        "tainted": false
                    },
                    "deposed": [],
                    "provider": "provider.digitalocean"
                },
                "digitalocean_tag.ofb-project": {
                    "type": "digitalocean_tag",
                    "depends_on": [],
                    "primary": {
                        "id": "ofb-project",
                        "attributes": {
                            "id": "ofb-project",
                            "name": "ofb-project"
                        },
                        "meta": {},
                        "tainted": false
                    },
                    "deposed": [],
                    "provider": "provider.digitalocean"
                }
            },
            "depends_on": []
        }
    ]
}
